
Microsoft Visual Studio Solution File, Format Version 12.00
# Visual Studio 15
VisualStudioVersion = 15.0.27110.0
MinimumVisualStudioVersion = 15.0.26124.0
Project("{2150E333-8FDC-42A3-9474-1A3956D46DE8}") = "src", "src", "{73D49FF8-B479-451A-BAC8-6A1E83305108}"
EndProject
Project("{2150E333-8FDC-42A3-9474-1A3956D46DE8}") = "sample", "sample", "{3563051B-BDF2-4EF2-BFF9-002370C62293}"
EndProject
Project("{9A19103F-16F7-4668-BE54-9A1E7A4F7556}") = "CoWorker.Models.Blogs", "src\CoWorker.Models.Blogs\CoWorker.Models.Blogs.csproj", "{58CB8D30-DC25-4990-A368-3B1FC076C489}"
EndProject
Project("{9A19103F-16F7-4668-BE54-9A1E7A4F7556}") = "CoWorker.Models.Identity", "src\CoWorker.Models.Identity\CoWorker.Models.Identity.csproj", "{9E159EC7-CACE-436F-8A4F-37B541281FA1}"
EndProject
Project("{9A19103F-16F7-4668-BE54-9A1E7A4F7556}") = "CoWorker.Models.Security", "src\CoWorker.Models.Security\CoWorker.Models.Security.csproj", "{A1596396-173E-4A9A-9914-AA4F7AF77EFC}"
EndProject
Project("{9A19103F-16F7-4668-BE54-9A1E7A4F7556}") = "CoWorker.Models.Swagger", "src\CoWorker.Models.Swagger\CoWorker.Models.Swagger.csproj", "{25805861-3F94-493D-89CE-ADC22500BCB6}"
EndProject
Project("{9A19103F-16F7-4668-BE54-9A1E7A4F7556}") = "CoWorker.Primitives", "src\CoWorker.Primitives\CoWorker.Primitives.csproj", "{781B2273-85A8-4A42-9601-4ECB36A9C4F7}"
EndProject
Project("{9A19103F-16F7-4668-BE54-9A1E7A4F7556}") = "Sample", "sample\Sample.csproj", "{D3B2C98B-09A5-4818-A261-1955AA508E1C}"
EndProject
Project("{9A19103F-16F7-4668-BE54-9A1E7A4F7556}") = "CoWorker.Models.Core", "src\CoWorker.Models.Core\CoWorker.Models.Core.csproj", "{366D1D74-2E2E-42E7-8CE8-9D20999A5F2E}"
EndProject
Project("{2150E333-8FDC-42A3-9474-1A3956D46DE8}") = "Solution Items", "Solution Items", "{4E685ABC-D449-4A6D-AE1E-55E0AF31B3A1}"
	ProjectSection(SolutionItems) = preProject
		.gitattributes = .gitattributes
		.gitignore = .gitignore
		Directory.Build.props = Directory.Build.props
		LICENSE.txt = LICENSE.txt
	EndProjectSection
EndProject
Project("{9A19103F-16F7-4668-BE54-9A1E7A4F7556}") = "CoWorker.Models.Abstractions", "src\CoWorker.Models.Abstractions\CoWorker.Models.Abstractions.csproj", "{5A907BE2-109B-4B42-8F59-BFB9B7B392CF}"
EndProject
Project("{9A19103F-16F7-4668-BE54-9A1E7A4F7556}") = "Tests", "Tests\Tests.csproj", "{C73357F9-0B4C-4340-A1D8-377C45F99CC8}"
EndProject
Project("{9A19103F-16F7-4668-BE54-9A1E7A4F7556}") = "CoWorker.Models.IdentityServer", "src\CoWorker.Models.IdentityServer\CoWorker.Models.IdentityServer.csproj", "{CF825F49-9384-47DB-830D-2893AB47FDA9}"
EndProject
Project("{9A19103F-16F7-4668-BE54-9A1E7A4F7556}") = "CoWorker.Models.Mvc", "src\CoWorker.Models.Mvc\CoWorker.Models.Mvc.csproj", "{A59EF615-3BA5-4558-8761-55F96F8836FB}"
EndProject
Project("{FAE04EC0-301F-11D3-BF4B-00C04F79EFBC}") = "CoWorker.Models.SignalR", "src\CoWorker.Models.SignalR\CoWorker.Models.SignalR.csproj", "{551EBEFC-9F24-40EE-A5EE-30DF6A936FB7}"
EndProject
Global
	GlobalSection(SolutionConfigurationPlatforms) = preSolution
		Debug|Any CPU = Debug|Any CPU
		Release|Any CPU = Release|Any CPU
	EndGlobalSection
	GlobalSection(ProjectConfigurationPlatforms) = postSolution
		{58CB8D30-DC25-4990-A368-3B1FC076C489}.Debug|Any CPU.ActiveCfg = Debug|Any CPU
		{58CB8D30-DC25-4990-A368-3B1FC076C489}.Debug|Any CPU.Build.0 = Debug|Any CPU
		{58CB8D30-DC25-4990-A368-3B1FC076C489}.Release|Any CPU.ActiveCfg = Release|Any CPU
		{58CB8D30-DC25-4990-A368-3B1FC076C489}.Release|Any CPU.Build.0 = Release|Any CPU
		{9E159EC7-CACE-436F-8A4F-37B541281FA1}.Debug|Any CPU.ActiveCfg = Debug|Any CPU
		{9E159EC7-CACE-436F-8A4F-37B541281FA1}.Debug|Any CPU.Build.0 = Debug|Any CPU
		{9E159EC7-CACE-436F-8A4F-37B541281FA1}.Release|Any CPU.ActiveCfg = Release|Any CPU
		{9E159EC7-CACE-436F-8A4F-37B541281FA1}.Release|Any CPU.Build.0 = Release|Any CPU
		{A1596396-173E-4A9A-9914-AA4F7AF77EFC}.Debug|Any CPU.ActiveCfg = Debug|Any CPU
		{A1596396-173E-4A9A-9914-AA4F7AF77EFC}.Debug|Any CPU.Build.0 = Debug|Any CPU
		{A1596396-173E-4A9A-9914-AA4F7AF77EFC}.Release|Any CPU.ActiveCfg = Release|Any CPU
		{A1596396-173E-4A9A-9914-AA4F7AF77EFC}.Release|Any CPU.Build.0 = Release|Any CPU
		{25805861-3F94-493D-89CE-ADC22500BCB6}.Debug|Any CPU.ActiveCfg = Debug|Any CPU
		{25805861-3F94-493D-89CE-ADC22500BCB6}.Debug|Any CPU.Build.0 = Debug|Any CPU
		{25805861-3F94-493D-89CE-ADC22500BCB6}.Release|Any CPU.ActiveCfg = Release|Any CPU
		{25805861-3F94-493D-89CE-ADC22500BCB6}.Release|Any CPU.Build.0 = Release|Any CPU
		{781B2273-85A8-4A42-9601-4ECB36A9C4F7}.Debug|Any CPU.ActiveCfg = Debug|Any CPU
		{781B2273-85A8-4A42-9601-4ECB36A9C4F7}.Debug|Any CPU.Build.0 = Debug|Any CPU
		{781B2273-85A8-4A42-9601-4ECB36A9C4F7}.Release|Any CPU.ActiveCfg = Release|Any CPU
		{781B2273-85A8-4A42-9601-4ECB36A9C4F7}.Release|Any CPU.Build.0 = Release|Any CPU
		{D3B2C98B-09A5-4818-A261-1955AA508E1C}.Debug|Any CPU.ActiveCfg = Debug|Any CPU
		{D3B2C98B-09A5-4818-A261-1955AA508E1C}.Debug|Any CPU.Build.0 = Debug|Any CPU
		{D3B2C98B-09A5-4818-A261-1955AA508E1C}.Release|Any CPU.ActiveCfg = Release|Any CPU
		{D3B2C98B-09A5-4818-A261-1955AA508E1C}.Release|Any CPU.Build.0 = Release|Any CPU
		{366D1D74-2E2E-42E7-8CE8-9D20999A5F2E}.Debug|Any CPU.ActiveCfg = Debug|Any CPU
		{366D1D74-2E2E-42E7-8CE8-9D20999A5F2E}.Debug|Any CPU.Build.0 = Debug|Any CPU
		{366D1D74-2E2E-42E7-8CE8-9D20999A5F2E}.Release|Any CPU.ActiveCfg = Release|Any CPU
		{366D1D74-2E2E-42E7-8CE8-9D20999A5F2E}.Release|Any CPU.Build.0 = Release|Any CPU
		{5A907BE2-109B-4B42-8F59-BFB9B7B392CF}.Debug|Any CPU.ActiveCfg = Debug|Any CPU
		{5A907BE2-109B-4B42-8F59-BFB9B7B392CF}.Debug|Any CPU.Build.0 = Debug|Any CPU
		{5A907BE2-109B-4B42-8F59-BFB9B7B392CF}.Release|Any CPU.ActiveCfg = Release|Any CPU
		{5A907BE2-109B-4B42-8F59-BFB9B7B392CF}.Release|Any CPU.Build.0 = Release|Any CPU
		{C73357F9-0B4C-4340-A1D8-377C45F99CC8}.Debug|Any CPU.ActiveCfg = Debug|Any CPU
		{C73357F9-0B4C-4340-A1D8-377C45F99CC8}.Debug|Any CPU.Build.0 = Debug|Any CPU
		{C73357F9-0B4C-4340-A1D8-377C45F99CC8}.Release|Any CPU.ActiveCfg = Release|Any CPU
		{C73357F9-0B4C-4340-A1D8-377C45F99CC8}.Release|Any CPU.Build.0 = Release|Any CPU
		{CF825F49-9384-47DB-830D-2893AB47FDA9}.Debug|Any CPU.ActiveCfg = Debug|Any CPU
		{CF825F49-9384-47DB-830D-2893AB47FDA9}.Debug|Any CPU.Build.0 = Debug|Any CPU
		{CF825F49-9384-47DB-830D-2893AB47FDA9}.Release|Any CPU.ActiveCfg = Release|Any CPU
		{CF825F49-9384-47DB-830D-2893AB47FDA9}.Release|Any CPU.Build.0 = Release|Any CPU
		{A59EF615-3BA5-4558-8761-55F96F8836FB}.Debug|Any CPU.ActiveCfg = Debug|Any CPU
		{A59EF615-3BA5-4558-8761-55F96F8836FB}.Debug|Any CPU.Build.0 = Debug|Any CPU
		{A59EF615-3BA5-4558-8761-55F96F8836FB}.Release|Any CPU.ActiveCfg = Release|Any CPU
		{A59EF615-3BA5-4558-8761-55F96F8836FB}.Release|Any CPU.Build.0 = Release|Any CPU
		{551EBEFC-9F24-40EE-A5EE-30DF6A936FB7}.Debug|Any CPU.ActiveCfg = Debug|Any CPU
		{551EBEFC-9F24-40EE-A5EE-30DF6A936FB7}.Debug|Any CPU.Build.0 = Debug|Any CPU
		{551EBEFC-9F24-40EE-A5EE-30DF6A936FB7}.Release|Any CPU.ActiveCfg = Release|Any CPU
		{551EBEFC-9F24-40EE-A5EE-30DF6A936FB7}.Release|Any CPU.Build.0 = Release|Any CPU
	EndGlobalSection
	GlobalSection(SolutionProperties) = preSolution
		HideSolutionNode = FALSE
	EndGlobalSection
	GlobalSection(NestedProjects) = preSolution
		{58CB8D30-DC25-4990-A368-3B1FC076C489} = {73D49FF8-B479-451A-BAC8-6A1E83305108}
		{9E159EC7-CACE-436F-8A4F-37B541281FA1} = {73D49FF8-B479-451A-BAC8-6A1E83305108}
		{A1596396-173E-4A9A-9914-AA4F7AF77EFC} = {73D49FF8-B479-451A-BAC8-6A1E83305108}
		{25805861-3F94-493D-89CE-ADC22500BCB6} = {73D49FF8-B479-451A-BAC8-6A1E83305108}
		{781B2273-85A8-4A42-9601-4ECB36A9C4F7} = {73D49FF8-B479-451A-BAC8-6A1E83305108}
		{D3B2C98B-09A5-4818-A261-1955AA508E1C} = {3563051B-BDF2-4EF2-BFF9-002370C62293}
		{366D1D74-2E2E-42E7-8CE8-9D20999A5F2E} = {73D49FF8-B479-451A-BAC8-6A1E83305108}
		{5A907BE2-109B-4B42-8F59-BFB9B7B392CF} = {73D49FF8-B479-451A-BAC8-6A1E83305108}
		{CF825F49-9384-47DB-830D-2893AB47FDA9} = {73D49FF8-B479-451A-BAC8-6A1E83305108}
		{A59EF615-3BA5-4558-8761-55F96F8836FB} = {73D49FF8-B479-451A-BAC8-6A1E83305108}
		{551EBEFC-9F24-40EE-A5EE-30DF6A936FB7} = {73D49FF8-B479-451A-BAC8-6A1E83305108}
	EndGlobalSection
	GlobalSection(ExtensibilityGlobals) = postSolution
		SolutionGuid = {E96AEEE5-4029-478A-A780-24AF3CFE4492}
	EndGlobalSection
EndGlobal
