
Microsoft Visual Studio Solution File, Format Version 12.00
# Visual Studio 15
VisualStudioVersion = 15.0.26730.16
MinimumVisualStudioVersion = 15.0.26124.0
Project("{2150E333-8FDC-42A3-9474-1A3956D46DE8}") = "src", "src", "{73D49FF8-B479-451A-BAC8-6A1E83305108}"
EndProject
Project("{2150E333-8FDC-42A3-9474-1A3956D46DE8}") = "test", "test", "{0803DFF4-342B-4183-A481-F93F8ACCCB12}"
EndProject
Project("{2150E333-8FDC-42A3-9474-1A3956D46DE8}") = "dist", "dist", "{3563051B-BDF2-4EF2-BFF9-002370C62293}"
EndProject
Project("{9A19103F-16F7-4668-BE54-9A1E7A4F7556}") = "CoWorker.Abstractions", "src\CoWorker.Abstractions\CoWorker.Abstractions.csproj", "{E9F73FED-0A4E-428B-8580-0BE5DE58C994}"
EndProject
Project("{2150E333-8FDC-42A3-9474-1A3956D46DE8}") = "global", "global", "{1AF7222B-C4D8-4839-AEC0-66E9770C3B81}"
	ProjectSection(SolutionItems) = preProject
		.gitattributes = .gitattributes
		.gitignore = .gitignore
		Directory.Build.props = Directory.Build.props
		Directory.Build.targets = Directory.Build.targets
		esportasia.pfx = esportasia.pfx
		README.md = README.md
		xunit.runner.json = xunit.runner.json
	EndProjectSection
	ProjectSection(FolderGlobals) = preProject
		__JSONSchema = 
	EndProjectSection
EndProject
Project("{9A19103F-16F7-4668-BE54-9A1E7A4F7556}") = "CoWorker.DependencyInjection", "src\CoWorker.DependencyInjection\CoWorker.DependencyInjection.csproj", "{3C061E1E-0A8B-4CB2-99B5-ECDB478B269B}"
EndProject
Project("{9A19103F-16F7-4668-BE54-9A1E7A4F7556}") = "CoWorker.DependencyInjection.Tests", "test\CoWorker.DependencyInjection.Tests\CoWorker.DependencyInjection.Tests.csproj", "{BC326842-DFD6-4548-A76A-D660A197589D}"
EndProject
Project("{9A19103F-16F7-4668-BE54-9A1E7A4F7556}") = "CoWorker.EntityFramework", "src\CoWorker.EntityFramework\CoWorker.EntityFramework.csproj", "{5FF02640-C0A8-47FB-B71F-2D956984E6A5}"
EndProject
Project("{9A19103F-16F7-4668-BE54-9A1E7A4F7556}") = "CoWorker.EntityFramework.Tests", "test\CoWorker.EntityFramework.Tests\CoWorker.EntityFramework.Tests.csproj", "{3079D436-F67D-4CA3-A2CE-257B71B325DB}"
EndProject
Project("{9A19103F-16F7-4668-BE54-9A1E7A4F7556}") = "CoWorker.Infrastructure.Tests", "test\CoWorker.Infrastructure.Tests\CoWorker.Infrastructure.Tests.csproj", "{3DFBF4A6-D60F-4970-9763-FFFA3964D21F}"
EndProject
Project("{9A19103F-16F7-4668-BE54-9A1E7A4F7556}") = "CoWorker.Diagnostics.Tests", "test\CoWorker.Logging.Tests\CoWorker.Diagnostics.Tests.csproj", "{0CFE55D7-C81E-4898-8FBE-C94A2AA7D740}"
EndProject
Project("{9A19103F-16F7-4668-BE54-9A1E7A4F7556}") = "CoWorker.Security", "src\CoWorker.Security\CoWorker.Security.csproj", "{24C14F18-30E2-4172-99A3-1353C91AB8E6}"
EndProject
Project("{9A19103F-16F7-4668-BE54-9A1E7A4F7556}") = "CoWorker.Net", "src\CoWorker.Net\CoWorker.Net.csproj", "{E02A49C9-F52D-4C92-BB02-48AE829242FB}"
EndProject
Project("{2150E333-8FDC-42A3-9474-1A3956D46DE8}") = "model", "model", "{7994CB44-87C6-40F1-8FDB-0E68B1DDEB17}"
EndProject
Project("{9A19103F-16F7-4668-BE54-9A1E7A4F7556}") = "CoWorker.Models.Blogs", "src\models\CoWorker.Models.Blogs\CoWorker.Models.Blogs.csproj", "{96A8C54C-42B7-497B-ABFA-D77CB35DF1CD}"
EndProject
Project("{9A19103F-16F7-4668-BE54-9A1E7A4F7556}") = "CoWorker.Security.Tests", "test\CoWorker.Security.Tests\CoWorker.Security.Tests.csproj", "{1545B1D2-310E-45B9-82A0-19BA6AA71EA8}"
EndProject
Project("{9A19103F-16F7-4668-BE54-9A1E7A4F7556}") = "CoWorker.Models.HostingStartupBase", "src\models\CoWorker.Models.HostingStartupBase\CoWorker.Models.HostingStartupBase.csproj", "{3BC04FC3-5AAA-4D59-B238-02A6EA4C1D18}"
EndProject
Project("{9A19103F-16F7-4668-BE54-9A1E7A4F7556}") = "CoWorker.Models.Security", "src\models\CoWorker.Models.Security\CoWorker.Models.Security.csproj", "{592B0FD5-C3F7-453B-AB64-4FEF00376FBC}"
EndProject
Project("{9A19103F-16F7-4668-BE54-9A1E7A4F7556}") = "CoWorker.Models.Swagger", "src\models\CoWorker.Models.Swagger\CoWorker.Models.Swagger.csproj", "{8B6D5318-EABD-44B2-B93F-91BBBC825653}"
EndProject
Project("{2150E333-8FDC-42A3-9474-1A3956D46DE8}") = "data", "data", "{F781AB82-D069-4B34-A45D-1285F8134FCC}"
EndProject
Project("{00D1A9C2-B5F0-4AF3-8072-F6C62B433612}") = "esport-asia-db", "data\esport-asia-db\esport-asia-db.sqlproj", "{DB87E2C3-4219-4A4A-96A1-B4F56EC68917}"
EndProject
Project("{9A19103F-16F7-4668-BE54-9A1E7A4F7556}") = "CoWorker.Models.Identity", "src\models\CoWorker.Models.Identity\CoWorker.Models.Identity.csproj", "{0ACB4131-5B0D-4184-8BC7-0CD200DA9983}"
EndProject
Project("{9A19103F-16F7-4668-BE54-9A1E7A4F7556}") = "CoWorker.Azure.Media", "src\azure\CoWorker.Azure.Media\CoWorker.Azure.Media.csproj", "{C5B4321C-69A5-4E08-B565-A48AB66D6E86}"
EndProject
Project("{2150E333-8FDC-42A3-9474-1A3956D46DE8}") = "azure", "azure", "{5BE19808-AEA9-43A2-921B-F3AD7F3308E5}"
EndProject
Project("{9A19103F-16F7-4668-BE54-9A1E7A4F7556}") = "CoWorker.Models.Proxy.Twitch", "src\models\CoWorker.Models.Proxy.Twitch\CoWorker.Models.Proxy.Twitch.csproj", "{D097E6D7-069B-4685-BAAB-E352AE2509EC}"
EndProject
Project("{9A19103F-16F7-4668-BE54-9A1E7A4F7556}") = "CoWorker.MainSite", "dist\CoWorker.MainSite\CoWorker.MainSite.csproj", "{1318A996-EF35-40C7-B6B9-65933A9D0175}"
EndProject
Global
	GlobalSection(SolutionConfigurationPlatforms) = preSolution
		Debug|Any CPU = Debug|Any CPU
		Release|Any CPU = Release|Any CPU
	EndGlobalSection
	GlobalSection(ProjectConfigurationPlatforms) = postSolution
		{E9F73FED-0A4E-428B-8580-0BE5DE58C994}.Debug|Any CPU.ActiveCfg = Debug|Any CPU
		{E9F73FED-0A4E-428B-8580-0BE5DE58C994}.Debug|Any CPU.Build.0 = Debug|Any CPU
		{E9F73FED-0A4E-428B-8580-0BE5DE58C994}.Release|Any CPU.ActiveCfg = Release|Any CPU
		{E9F73FED-0A4E-428B-8580-0BE5DE58C994}.Release|Any CPU.Build.0 = Release|Any CPU
		{3C061E1E-0A8B-4CB2-99B5-ECDB478B269B}.Debug|Any CPU.ActiveCfg = Debug|Any CPU
		{3C061E1E-0A8B-4CB2-99B5-ECDB478B269B}.Debug|Any CPU.Build.0 = Debug|Any CPU
		{3C061E1E-0A8B-4CB2-99B5-ECDB478B269B}.Release|Any CPU.ActiveCfg = Release|Any CPU
		{3C061E1E-0A8B-4CB2-99B5-ECDB478B269B}.Release|Any CPU.Build.0 = Release|Any CPU
		{BC326842-DFD6-4548-A76A-D660A197589D}.Debug|Any CPU.ActiveCfg = Debug|Any CPU
		{BC326842-DFD6-4548-A76A-D660A197589D}.Debug|Any CPU.Build.0 = Debug|Any CPU
		{BC326842-DFD6-4548-A76A-D660A197589D}.Release|Any CPU.ActiveCfg = Release|Any CPU
		{BC326842-DFD6-4548-A76A-D660A197589D}.Release|Any CPU.Build.0 = Release|Any CPU
		{5FF02640-C0A8-47FB-B71F-2D956984E6A5}.Debug|Any CPU.ActiveCfg = Debug|Any CPU
		{5FF02640-C0A8-47FB-B71F-2D956984E6A5}.Debug|Any CPU.Build.0 = Debug|Any CPU
		{5FF02640-C0A8-47FB-B71F-2D956984E6A5}.Release|Any CPU.ActiveCfg = Release|Any CPU
		{5FF02640-C0A8-47FB-B71F-2D956984E6A5}.Release|Any CPU.Build.0 = Release|Any CPU
		{3079D436-F67D-4CA3-A2CE-257B71B325DB}.Debug|Any CPU.ActiveCfg = Debug|Any CPU
		{3079D436-F67D-4CA3-A2CE-257B71B325DB}.Debug|Any CPU.Build.0 = Debug|Any CPU
		{3079D436-F67D-4CA3-A2CE-257B71B325DB}.Release|Any CPU.ActiveCfg = Release|Any CPU
		{3079D436-F67D-4CA3-A2CE-257B71B325DB}.Release|Any CPU.Build.0 = Release|Any CPU
		{3DFBF4A6-D60F-4970-9763-FFFA3964D21F}.Debug|Any CPU.ActiveCfg = Debug|Any CPU
		{3DFBF4A6-D60F-4970-9763-FFFA3964D21F}.Debug|Any CPU.Build.0 = Debug|Any CPU
		{3DFBF4A6-D60F-4970-9763-FFFA3964D21F}.Release|Any CPU.ActiveCfg = Release|Any CPU
		{3DFBF4A6-D60F-4970-9763-FFFA3964D21F}.Release|Any CPU.Build.0 = Release|Any CPU
		{0CFE55D7-C81E-4898-8FBE-C94A2AA7D740}.Debug|Any CPU.ActiveCfg = Debug|Any CPU
		{0CFE55D7-C81E-4898-8FBE-C94A2AA7D740}.Debug|Any CPU.Build.0 = Debug|Any CPU
		{0CFE55D7-C81E-4898-8FBE-C94A2AA7D740}.Release|Any CPU.ActiveCfg = Release|Any CPU
		{0CFE55D7-C81E-4898-8FBE-C94A2AA7D740}.Release|Any CPU.Build.0 = Release|Any CPU
		{24C14F18-30E2-4172-99A3-1353C91AB8E6}.Debug|Any CPU.ActiveCfg = Debug|Any CPU
		{24C14F18-30E2-4172-99A3-1353C91AB8E6}.Debug|Any CPU.Build.0 = Debug|Any CPU
		{24C14F18-30E2-4172-99A3-1353C91AB8E6}.Release|Any CPU.ActiveCfg = Release|Any CPU
		{24C14F18-30E2-4172-99A3-1353C91AB8E6}.Release|Any CPU.Build.0 = Release|Any CPU
		{E02A49C9-F52D-4C92-BB02-48AE829242FB}.Debug|Any CPU.ActiveCfg = Debug|Any CPU
		{E02A49C9-F52D-4C92-BB02-48AE829242FB}.Debug|Any CPU.Build.0 = Debug|Any CPU
		{E02A49C9-F52D-4C92-BB02-48AE829242FB}.Release|Any CPU.ActiveCfg = Release|Any CPU
		{E02A49C9-F52D-4C92-BB02-48AE829242FB}.Release|Any CPU.Build.0 = Release|Any CPU
		{96A8C54C-42B7-497B-ABFA-D77CB35DF1CD}.Debug|Any CPU.ActiveCfg = Debug|Any CPU
		{96A8C54C-42B7-497B-ABFA-D77CB35DF1CD}.Debug|Any CPU.Build.0 = Debug|Any CPU
		{96A8C54C-42B7-497B-ABFA-D77CB35DF1CD}.Release|Any CPU.ActiveCfg = Release|Any CPU
		{96A8C54C-42B7-497B-ABFA-D77CB35DF1CD}.Release|Any CPU.Build.0 = Release|Any CPU
		{1545B1D2-310E-45B9-82A0-19BA6AA71EA8}.Debug|Any CPU.ActiveCfg = Debug|Any CPU
		{1545B1D2-310E-45B9-82A0-19BA6AA71EA8}.Debug|Any CPU.Build.0 = Debug|Any CPU
		{1545B1D2-310E-45B9-82A0-19BA6AA71EA8}.Release|Any CPU.ActiveCfg = Release|Any CPU
		{1545B1D2-310E-45B9-82A0-19BA6AA71EA8}.Release|Any CPU.Build.0 = Release|Any CPU
		{3BC04FC3-5AAA-4D59-B238-02A6EA4C1D18}.Debug|Any CPU.ActiveCfg = Debug|Any CPU
		{3BC04FC3-5AAA-4D59-B238-02A6EA4C1D18}.Debug|Any CPU.Build.0 = Debug|Any CPU
		{3BC04FC3-5AAA-4D59-B238-02A6EA4C1D18}.Release|Any CPU.ActiveCfg = Release|Any CPU
		{3BC04FC3-5AAA-4D59-B238-02A6EA4C1D18}.Release|Any CPU.Build.0 = Release|Any CPU
		{592B0FD5-C3F7-453B-AB64-4FEF00376FBC}.Debug|Any CPU.ActiveCfg = Debug|Any CPU
		{592B0FD5-C3F7-453B-AB64-4FEF00376FBC}.Debug|Any CPU.Build.0 = Debug|Any CPU
		{592B0FD5-C3F7-453B-AB64-4FEF00376FBC}.Release|Any CPU.ActiveCfg = Release|Any CPU
		{592B0FD5-C3F7-453B-AB64-4FEF00376FBC}.Release|Any CPU.Build.0 = Release|Any CPU
		{8B6D5318-EABD-44B2-B93F-91BBBC825653}.Debug|Any CPU.ActiveCfg = Debug|Any CPU
		{8B6D5318-EABD-44B2-B93F-91BBBC825653}.Debug|Any CPU.Build.0 = Debug|Any CPU
		{8B6D5318-EABD-44B2-B93F-91BBBC825653}.Release|Any CPU.ActiveCfg = Release|Any CPU
		{8B6D5318-EABD-44B2-B93F-91BBBC825653}.Release|Any CPU.Build.0 = Release|Any CPU
		{DB87E2C3-4219-4A4A-96A1-B4F56EC68917}.Debug|Any CPU.ActiveCfg = Debug|Any CPU
		{DB87E2C3-4219-4A4A-96A1-B4F56EC68917}.Debug|Any CPU.Build.0 = Debug|Any CPU
		{DB87E2C3-4219-4A4A-96A1-B4F56EC68917}.Debug|Any CPU.Deploy.0 = Debug|Any CPU
		{DB87E2C3-4219-4A4A-96A1-B4F56EC68917}.Release|Any CPU.ActiveCfg = Release|Any CPU
		{DB87E2C3-4219-4A4A-96A1-B4F56EC68917}.Release|Any CPU.Build.0 = Release|Any CPU
		{DB87E2C3-4219-4A4A-96A1-B4F56EC68917}.Release|Any CPU.Deploy.0 = Release|Any CPU
		{0ACB4131-5B0D-4184-8BC7-0CD200DA9983}.Debug|Any CPU.ActiveCfg = Debug|Any CPU
		{0ACB4131-5B0D-4184-8BC7-0CD200DA9983}.Debug|Any CPU.Build.0 = Debug|Any CPU
		{0ACB4131-5B0D-4184-8BC7-0CD200DA9983}.Release|Any CPU.ActiveCfg = Release|Any CPU
		{0ACB4131-5B0D-4184-8BC7-0CD200DA9983}.Release|Any CPU.Build.0 = Release|Any CPU
		{C5B4321C-69A5-4E08-B565-A48AB66D6E86}.Debug|Any CPU.ActiveCfg = Debug|Any CPU
		{C5B4321C-69A5-4E08-B565-A48AB66D6E86}.Debug|Any CPU.Build.0 = Debug|Any CPU
		{C5B4321C-69A5-4E08-B565-A48AB66D6E86}.Release|Any CPU.ActiveCfg = Release|Any CPU
		{C5B4321C-69A5-4E08-B565-A48AB66D6E86}.Release|Any CPU.Build.0 = Release|Any CPU
		{D097E6D7-069B-4685-BAAB-E352AE2509EC}.Debug|Any CPU.ActiveCfg = Debug|Any CPU
		{D097E6D7-069B-4685-BAAB-E352AE2509EC}.Debug|Any CPU.Build.0 = Debug|Any CPU
		{D097E6D7-069B-4685-BAAB-E352AE2509EC}.Release|Any CPU.ActiveCfg = Release|Any CPU
		{D097E6D7-069B-4685-BAAB-E352AE2509EC}.Release|Any CPU.Build.0 = Release|Any CPU
		{1318A996-EF35-40C7-B6B9-65933A9D0175}.Debug|Any CPU.ActiveCfg = Debug|Any CPU
		{1318A996-EF35-40C7-B6B9-65933A9D0175}.Debug|Any CPU.Build.0 = Debug|Any CPU
		{1318A996-EF35-40C7-B6B9-65933A9D0175}.Release|Any CPU.ActiveCfg = Release|Any CPU
		{1318A996-EF35-40C7-B6B9-65933A9D0175}.Release|Any CPU.Build.0 = Release|Any CPU
	EndGlobalSection
	GlobalSection(SolutionProperties) = preSolution
		HideSolutionNode = FALSE
	EndGlobalSection
	GlobalSection(NestedProjects) = preSolution
		{E9F73FED-0A4E-428B-8580-0BE5DE58C994} = {73D49FF8-B479-451A-BAC8-6A1E83305108}
		{3C061E1E-0A8B-4CB2-99B5-ECDB478B269B} = {73D49FF8-B479-451A-BAC8-6A1E83305108}
		{BC326842-DFD6-4548-A76A-D660A197589D} = {0803DFF4-342B-4183-A481-F93F8ACCCB12}
		{5FF02640-C0A8-47FB-B71F-2D956984E6A5} = {73D49FF8-B479-451A-BAC8-6A1E83305108}
		{3079D436-F67D-4CA3-A2CE-257B71B325DB} = {0803DFF4-342B-4183-A481-F93F8ACCCB12}
		{3DFBF4A6-D60F-4970-9763-FFFA3964D21F} = {0803DFF4-342B-4183-A481-F93F8ACCCB12}
		{0CFE55D7-C81E-4898-8FBE-C94A2AA7D740} = {0803DFF4-342B-4183-A481-F93F8ACCCB12}
		{24C14F18-30E2-4172-99A3-1353C91AB8E6} = {73D49FF8-B479-451A-BAC8-6A1E83305108}
		{E02A49C9-F52D-4C92-BB02-48AE829242FB} = {73D49FF8-B479-451A-BAC8-6A1E83305108}
		{7994CB44-87C6-40F1-8FDB-0E68B1DDEB17} = {73D49FF8-B479-451A-BAC8-6A1E83305108}
		{96A8C54C-42B7-497B-ABFA-D77CB35DF1CD} = {7994CB44-87C6-40F1-8FDB-0E68B1DDEB17}
		{1545B1D2-310E-45B9-82A0-19BA6AA71EA8} = {0803DFF4-342B-4183-A481-F93F8ACCCB12}
		{3BC04FC3-5AAA-4D59-B238-02A6EA4C1D18} = {7994CB44-87C6-40F1-8FDB-0E68B1DDEB17}
		{592B0FD5-C3F7-453B-AB64-4FEF00376FBC} = {7994CB44-87C6-40F1-8FDB-0E68B1DDEB17}
		{8B6D5318-EABD-44B2-B93F-91BBBC825653} = {7994CB44-87C6-40F1-8FDB-0E68B1DDEB17}
		{DB87E2C3-4219-4A4A-96A1-B4F56EC68917} = {F781AB82-D069-4B34-A45D-1285F8134FCC}
		{0ACB4131-5B0D-4184-8BC7-0CD200DA9983} = {7994CB44-87C6-40F1-8FDB-0E68B1DDEB17}
		{C5B4321C-69A5-4E08-B565-A48AB66D6E86} = {5BE19808-AEA9-43A2-921B-F3AD7F3308E5}
		{5BE19808-AEA9-43A2-921B-F3AD7F3308E5} = {73D49FF8-B479-451A-BAC8-6A1E83305108}
		{D097E6D7-069B-4685-BAAB-E352AE2509EC} = {7994CB44-87C6-40F1-8FDB-0E68B1DDEB17}
		{1318A996-EF35-40C7-B6B9-65933A9D0175} = {3563051B-BDF2-4EF2-BFF9-002370C62293}
	EndGlobalSection
	GlobalSection(ExtensibilityGlobals) = postSolution
		SolutionGuid = {E96AEEE5-4029-478A-A780-24AF3CFE4492}
	EndGlobalSection
EndGlobal
